
Microsoft Visual Studio Solution File, Format Version 12.00
# Visual Studio 15
VisualStudioVersion = 15.0.28010.0
MinimumVisualStudioVersion = 10.0.40219.1
Project("{8BC9CEB8-8B4A-11D0-8D11-00A0C91BC942}") = "Project5.2", "Project5.2\Project5.2.vcxproj", "{96346DE6-A55D-4980-A912-F24C2E54B333}"
EndProject
Global
	GlobalSection(SolutionConfigurationPlatforms) = preSolution
		Debug|x64 = Debug|x64
		Debug|x86 = Debug|x86
		Release|x64 = Release|x64
		Release|x86 = Release|x86
	EndGlobalSection
	GlobalSection(ProjectConfigurationPlatforms) = postSolution
		{96346DE6-A55D-4980-A912-F24C2E54B333}.Debug|x64.ActiveCfg = Debug|x64
		{96346DE6-A55D-4980-A912-F24C2E54B333}.Debug|x64.Build.0 = Debug|x64
		{96346DE6-A55D-4980-A912-F24C2E54B333}.Debug|x86.ActiveCfg = Debug|Win32
		{96346DE6-A55D-4980-A912-F24C2E54B333}.Debug|x86.Build.0 = Debug|Win32
		{96346DE6-A55D-4980-A912-F24C2E54B333}.Release|x64.ActiveCfg = Release|x64
		{96346DE6-A55D-4980-A912-F24C2E54B333}.Release|x64.Build.0 = Release|x64
		{96346DE6-A55D-4980-A912-F24C2E54B333}.Release|x86.ActiveCfg = Release|Win32
		{96346DE6-A55D-4980-A912-F24C2E54B333}.Release|x86.Build.0 = Release|Win32
	EndGlobalSection
	GlobalSection(SolutionProperties) = preSolution
		HideSolutionNode = FALSE
	EndGlobalSection
	GlobalSection(ExtensibilityGlobals) = postSolution
		SolutionGuid = {98E47CC6-1B22-4640-BA71-82B17C13636A}
	EndGlobalSection
EndGlobal
